
Microsoft Visual Studio Solution File, Format Version 12.00
Project("{FAE04EC0-301F-11D3-BF4B-00C04F79EFBC}") = "WeatherApp.API", "WeatherApp.API\WeatherApp.API.csproj", "{15028A49-878B-4EFC-A4D7-061496FD6DC7}"
EndProject
Project("{FAE04EC0-301F-11D3-BF4B-00C04F79EFBC}") = "WeatherApp.Domain", "WeatherApp.Domain\WeatherApp.Domain.csproj", "{7D9AD818-5AED-48F5-A860-F768F0C3D81F}"
EndProject
Project("{FAE04EC0-301F-11D3-BF4B-00C04F79EFBC}") = "WeatherApp.Application", "WeatherApp.Application\WeatherApp.Application.csproj", "{1F9E21DB-A308-48BD-9678-3D3131D6C917}"
EndProject
Project("{FAE04EC0-301F-11D3-BF4B-00C04F79EFBC}") = "WeatherApp.Infrastructure", "WeatherApp.Infrastructure\WeatherApp.Infrastructure.csproj", "{B758918E-F222-406A-8E0B-DF56E91CA95B}"
EndProject
Project("{2150E333-8FDC-42A3-9474-1A3956D46DE8}") = "Tests", "Tests", "{B7DF14C7-E397-49D7-85C8-11CFE5F49066}"
EndProject
Project("{2150E333-8FDC-42A3-9474-1A3956D46DE8}") = "UnitTests", "UnitTests", "{CBDFFE89-3A7F-4DCD-9327-13EEA9E3D506}"
EndProject
Project("{2150E333-8FDC-42A3-9474-1A3956D46DE8}") = "IntegrationTests", "IntegrationTests", "{E648EB5E-5789-4206-A93D-3C5669778534}"
EndProject
Project("{2150E333-8FDC-42A3-9474-1A3956D46DE8}") = "Code", "Code", "{557492A6-23B2-4EEF-A743-E33886DBAA06}"
EndProject
Project("{FAE04EC0-301F-11D3-BF4B-00C04F79EFBC}") = "WeatherApp.Infrastructure.UnitTests", "Tests\UnitTests\WeatherApp.Infrastructure.UnitTests\WeatherApp.Infrastructure.UnitTests.csproj", "{3A05F17C-F205-4DAD-8189-75F823FEF598}"
EndProject
Project("{FAE04EC0-301F-11D3-BF4B-00C04F79EFBC}") = "WeatherApp.Domain.UnitTests", "Tests\UnitTests\WeatherApp.Domain.UnitTests\WeatherApp.Domain.UnitTests.csproj", "{B1D0DE20-F1FC-4125-A9A5-09E2F5CE40D3}"
EndProject
Project("{FAE04EC0-301F-11D3-BF4B-00C04F79EFBC}") = "WeatherApp.Application.UnitTests", "Tests\UnitTests\WeatherApp.Application.UnitTests\WeatherApp.Application.UnitTests.csproj", "{0A5A4EF6-D969-45B3-B798-AC9E6FA637E0}"
EndProject
Project("{FAE04EC0-301F-11D3-BF4B-00C04F79EFBC}") = "WeatherApp.API.UnitTests", "Tests\UnitTests\WeatherApp.API.UnitTests\WeatherApp.API.UnitTests.csproj", "{03ABECCC-9F81-44A4-90AF-D80C0C281E48}"
EndProject
Project("{FAE04EC0-301F-11D3-BF4B-00C04F79EFBC}") = "WeatherApp.IntegrationTests", "Tests\IntegrationTests\WeatherApp.IntegrationTests\WeatherApp.IntegrationTests.csproj", "{25BD4CBD-9013-40B0-BCFC-1F5EDD30952C}"
EndProject
Global
	GlobalSection(SolutionConfigurationPlatforms) = preSolution
		Debug|Any CPU = Debug|Any CPU
		Debug|x64 = Debug|x64
		Debug|x86 = Debug|x86
		Release|Any CPU = Release|Any CPU
		Release|x64 = Release|x64
		Release|x86 = Release|x86
	EndGlobalSection
	GlobalSection(ProjectConfigurationPlatforms) = postSolution
		{15028A49-878B-4EFC-A4D7-061496FD6DC7}.Debug|Any CPU.ActiveCfg = Debug|Any CPU
		{15028A49-878B-4EFC-A4D7-061496FD6DC7}.Debug|Any CPU.Build.0 = Debug|Any CPU
		{15028A49-878B-4EFC-A4D7-061496FD6DC7}.Debug|x64.ActiveCfg = Debug|Any CPU
		{15028A49-878B-4EFC-A4D7-061496FD6DC7}.Debug|x64.Build.0 = Debug|Any CPU
		{15028A49-878B-4EFC-A4D7-061496FD6DC7}.Debug|x86.ActiveCfg = Debug|Any CPU
		{15028A49-878B-4EFC-A4D7-061496FD6DC7}.Debug|x86.Build.0 = Debug|Any CPU
		{15028A49-878B-4EFC-A4D7-061496FD6DC7}.Release|Any CPU.ActiveCfg = Release|Any CPU
		{15028A49-878B-4EFC-A4D7-061496FD6DC7}.Release|Any CPU.Build.0 = Release|Any CPU
		{15028A49-878B-4EFC-A4D7-061496FD6DC7}.Release|x64.ActiveCfg = Release|Any CPU
		{15028A49-878B-4EFC-A4D7-061496FD6DC7}.Release|x64.Build.0 = Release|Any CPU
		{15028A49-878B-4EFC-A4D7-061496FD6DC7}.Release|x86.ActiveCfg = Release|Any CPU
		{15028A49-878B-4EFC-A4D7-061496FD6DC7}.Release|x86.Build.0 = Release|Any CPU
		{7D9AD818-5AED-48F5-A860-F768F0C3D81F}.Debug|Any CPU.ActiveCfg = Debug|Any CPU
		{7D9AD818-5AED-48F5-A860-F768F0C3D81F}.Debug|Any CPU.Build.0 = Debug|Any CPU
		{7D9AD818-5AED-48F5-A860-F768F0C3D81F}.Debug|x64.ActiveCfg = Debug|Any CPU
		{7D9AD818-5AED-48F5-A860-F768F0C3D81F}.Debug|x64.Build.0 = Debug|Any CPU
		{7D9AD818-5AED-48F5-A860-F768F0C3D81F}.Debug|x86.ActiveCfg = Debug|Any CPU
		{7D9AD818-5AED-48F5-A860-F768F0C3D81F}.Debug|x86.Build.0 = Debug|Any CPU
		{7D9AD818-5AED-48F5-A860-F768F0C3D81F}.Release|Any CPU.ActiveCfg = Release|Any CPU
		{7D9AD818-5AED-48F5-A860-F768F0C3D81F}.Release|Any CPU.Build.0 = Release|Any CPU
		{7D9AD818-5AED-48F5-A860-F768F0C3D81F}.Release|x64.ActiveCfg = Release|Any CPU
		{7D9AD818-5AED-48F5-A860-F768F0C3D81F}.Release|x64.Build.0 = Release|Any CPU
		{7D9AD818-5AED-48F5-A860-F768F0C3D81F}.Release|x86.ActiveCfg = Release|Any CPU
		{7D9AD818-5AED-48F5-A860-F768F0C3D81F}.Release|x86.Build.0 = Release|Any CPU
		{1F9E21DB-A308-48BD-9678-3D3131D6C917}.Debug|Any CPU.ActiveCfg = Debug|Any CPU
		{1F9E21DB-A308-48BD-9678-3D3131D6C917}.Debug|Any CPU.Build.0 = Debug|Any CPU
		{1F9E21DB-A308-48BD-9678-3D3131D6C917}.Debug|x64.ActiveCfg = Debug|Any CPU
		{1F9E21DB-A308-48BD-9678-3D3131D6C917}.Debug|x64.Build.0 = Debug|Any CPU
		{1F9E21DB-A308-48BD-9678-3D3131D6C917}.Debug|x86.ActiveCfg = Debug|Any CPU
		{1F9E21DB-A308-48BD-9678-3D3131D6C917}.Debug|x86.Build.0 = Debug|Any CPU
		{1F9E21DB-A308-48BD-9678-3D3131D6C917}.Release|Any CPU.ActiveCfg = Release|Any CPU
		{1F9E21DB-A308-48BD-9678-3D3131D6C917}.Release|Any CPU.Build.0 = Release|Any CPU
		{1F9E21DB-A308-48BD-9678-3D3131D6C917}.Release|x64.ActiveCfg = Release|Any CPU
		{1F9E21DB-A308-48BD-9678-3D3131D6C917}.Release|x64.Build.0 = Release|Any CPU
		{1F9E21DB-A308-48BD-9678-3D3131D6C917}.Release|x86.ActiveCfg = Release|Any CPU
		{1F9E21DB-A308-48BD-9678-3D3131D6C917}.Release|x86.Build.0 = Release|Any CPU
		{B758918E-F222-406A-8E0B-DF56E91CA95B}.Debug|Any CPU.ActiveCfg = Debug|Any CPU
		{B758918E-F222-406A-8E0B-DF56E91CA95B}.Debug|Any CPU.Build.0 = Debug|Any CPU
		{B758918E-F222-406A-8E0B-DF56E91CA95B}.Debug|x64.ActiveCfg = Debug|Any CPU
		{B758918E-F222-406A-8E0B-DF56E91CA95B}.Debug|x64.Build.0 = Debug|Any CPU
		{B758918E-F222-406A-8E0B-DF56E91CA95B}.Debug|x86.ActiveCfg = Debug|Any CPU
		{B758918E-F222-406A-8E0B-DF56E91CA95B}.Debug|x86.Build.0 = Debug|Any CPU
		{B758918E-F222-406A-8E0B-DF56E91CA95B}.Release|Any CPU.ActiveCfg = Release|Any CPU
		{B758918E-F222-406A-8E0B-DF56E91CA95B}.Release|Any CPU.Build.0 = Release|Any CPU
		{B758918E-F222-406A-8E0B-DF56E91CA95B}.Release|x64.ActiveCfg = Release|Any CPU
		{B758918E-F222-406A-8E0B-DF56E91CA95B}.Release|x64.Build.0 = Release|Any CPU
		{B758918E-F222-406A-8E0B-DF56E91CA95B}.Release|x86.ActiveCfg = Release|Any CPU
		{B758918E-F222-406A-8E0B-DF56E91CA95B}.Release|x86.Build.0 = Release|Any CPU
		{3A05F17C-F205-4DAD-8189-75F823FEF598}.Debug|Any CPU.ActiveCfg = Debug|Any CPU
		{3A05F17C-F205-4DAD-8189-75F823FEF598}.Debug|Any CPU.Build.0 = Debug|Any CPU
		{3A05F17C-F205-4DAD-8189-75F823FEF598}.Debug|x64.ActiveCfg = Debug|Any CPU
		{3A05F17C-F205-4DAD-8189-75F823FEF598}.Debug|x64.Build.0 = Debug|Any CPU
		{3A05F17C-F205-4DAD-8189-75F823FEF598}.Debug|x86.ActiveCfg = Debug|Any CPU
		{3A05F17C-F205-4DAD-8189-75F823FEF598}.Debug|x86.Build.0 = Debug|Any CPU
		{3A05F17C-F205-4DAD-8189-75F823FEF598}.Release|Any CPU.ActiveCfg = Release|Any CPU
		{3A05F17C-F205-4DAD-8189-75F823FEF598}.Release|Any CPU.Build.0 = Release|Any CPU
		{3A05F17C-F205-4DAD-8189-75F823FEF598}.Release|x64.ActiveCfg = Release|Any CPU
		{3A05F17C-F205-4DAD-8189-75F823FEF598}.Release|x64.Build.0 = Release|Any CPU
		{3A05F17C-F205-4DAD-8189-75F823FEF598}.Release|x86.ActiveCfg = Release|Any CPU
		{3A05F17C-F205-4DAD-8189-75F823FEF598}.Release|x86.Build.0 = Release|Any CPU
		{B1D0DE20-F1FC-4125-A9A5-09E2F5CE40D3}.Debug|Any CPU.ActiveCfg = Debug|Any CPU
		{B1D0DE20-F1FC-4125-A9A5-09E2F5CE40D3}.Debug|Any CPU.Build.0 = Debug|Any CPU
		{B1D0DE20-F1FC-4125-A9A5-09E2F5CE40D3}.Debug|x64.ActiveCfg = Debug|Any CPU
		{B1D0DE20-F1FC-4125-A9A5-09E2F5CE40D3}.Debug|x64.Build.0 = Debug|Any CPU
		{B1D0DE20-F1FC-4125-A9A5-09E2F5CE40D3}.Debug|x86.ActiveCfg = Debug|Any CPU
		{B1D0DE20-F1FC-4125-A9A5-09E2F5CE40D3}.Debug|x86.Build.0 = Debug|Any CPU
		{B1D0DE20-F1FC-4125-A9A5-09E2F5CE40D3}.Release|Any CPU.ActiveCfg = Release|Any CPU
		{B1D0DE20-F1FC-4125-A9A5-09E2F5CE40D3}.Release|Any CPU.Build.0 = Release|Any CPU
		{B1D0DE20-F1FC-4125-A9A5-09E2F5CE40D3}.Release|x64.ActiveCfg = Release|Any CPU
		{B1D0DE20-F1FC-4125-A9A5-09E2F5CE40D3}.Release|x64.Build.0 = Release|Any CPU
		{B1D0DE20-F1FC-4125-A9A5-09E2F5CE40D3}.Release|x86.ActiveCfg = Release|Any CPU
		{B1D0DE20-F1FC-4125-A9A5-09E2F5CE40D3}.Release|x86.Build.0 = Release|Any CPU
		{0A5A4EF6-D969-45B3-B798-AC9E6FA637E0}.Debug|Any CPU.ActiveCfg = Debug|Any CPU
		{0A5A4EF6-D969-45B3-B798-AC9E6FA637E0}.Debug|Any CPU.Build.0 = Debug|Any CPU
		{0A5A4EF6-D969-45B3-B798-AC9E6FA637E0}.Debug|x64.ActiveCfg = Debug|Any CPU
		{0A5A4EF6-D969-45B3-B798-AC9E6FA637E0}.Debug|x64.Build.0 = Debug|Any CPU
		{0A5A4EF6-D969-45B3-B798-AC9E6FA637E0}.Debug|x86.ActiveCfg = Debug|Any CPU
		{0A5A4EF6-D969-45B3-B798-AC9E6FA637E0}.Debug|x86.Build.0 = Debug|Any CPU
		{0A5A4EF6-D969-45B3-B798-AC9E6FA637E0}.Release|Any CPU.ActiveCfg = Release|Any CPU
		{0A5A4EF6-D969-45B3-B798-AC9E6FA637E0}.Release|Any CPU.Build.0 = Release|Any CPU
		{0A5A4EF6-D969-45B3-B798-AC9E6FA637E0}.Release|x64.ActiveCfg = Release|Any CPU
		{0A5A4EF6-D969-45B3-B798-AC9E6FA637E0}.Release|x64.Build.0 = Release|Any CPU
		{0A5A4EF6-D969-45B3-B798-AC9E6FA637E0}.Release|x86.ActiveCfg = Release|Any CPU
		{0A5A4EF6-D969-45B3-B798-AC9E6FA637E0}.Release|x86.Build.0 = Release|Any CPU
		{03ABECCC-9F81-44A4-90AF-D80C0C281E48}.Debug|Any CPU.ActiveCfg = Debug|Any CPU
		{03ABECCC-9F81-44A4-90AF-D80C0C281E48}.Debug|Any CPU.Build.0 = Debug|Any CPU
		{03ABECCC-9F81-44A4-90AF-D80C0C281E48}.Debug|x64.ActiveCfg = Debug|Any CPU
		{03ABECCC-9F81-44A4-90AF-D80C0C281E48}.Debug|x64.Build.0 = Debug|Any CPU
		{03ABECCC-9F81-44A4-90AF-D80C0C281E48}.Debug|x86.ActiveCfg = Debug|Any CPU
		{03ABECCC-9F81-44A4-90AF-D80C0C281E48}.Debug|x86.Build.0 = Debug|Any CPU
		{03ABECCC-9F81-44A4-90AF-D80C0C281E48}.Release|Any CPU.ActiveCfg = Release|Any CPU
		{03ABECCC-9F81-44A4-90AF-D80C0C281E48}.Release|Any CPU.Build.0 = Release|Any CPU
		{03ABECCC-9F81-44A4-90AF-D80C0C281E48}.Release|x64.ActiveCfg = Release|Any CPU
		{03ABECCC-9F81-44A4-90AF-D80C0C281E48}.Release|x64.Build.0 = Release|Any CPU
		{03ABECCC-9F81-44A4-90AF-D80C0C281E48}.Release|x86.ActiveCfg = Release|Any CPU
		{03ABECCC-9F81-44A4-90AF-D80C0C281E48}.Release|x86.Build.0 = Release|Any CPU
		{25BD4CBD-9013-40B0-BCFC-1F5EDD30952C}.Debug|Any CPU.ActiveCfg = Debug|Any CPU
		{25BD4CBD-9013-40B0-BCFC-1F5EDD30952C}.Debug|Any CPU.Build.0 = Debug|Any CPU
		{25BD4CBD-9013-40B0-BCFC-1F5EDD30952C}.Debug|x64.ActiveCfg = Debug|Any CPU
		{25BD4CBD-9013-40B0-BCFC-1F5EDD30952C}.Debug|x64.Build.0 = Debug|Any CPU
		{25BD4CBD-9013-40B0-BCFC-1F5EDD30952C}.Debug|x86.ActiveCfg = Debug|Any CPU
		{25BD4CBD-9013-40B0-BCFC-1F5EDD30952C}.Debug|x86.Build.0 = Debug|Any CPU
		{25BD4CBD-9013-40B0-BCFC-1F5EDD30952C}.Release|Any CPU.ActiveCfg = Release|Any CPU
		{25BD4CBD-9013-40B0-BCFC-1F5EDD30952C}.Release|Any CPU.Build.0 = Release|Any CPU
		{25BD4CBD-9013-40B0-BCFC-1F5EDD30952C}.Release|x64.ActiveCfg = Release|Any CPU
		{25BD4CBD-9013-40B0-BCFC-1F5EDD30952C}.Release|x64.Build.0 = Release|Any CPU
		{25BD4CBD-9013-40B0-BCFC-1F5EDD30952C}.Release|x86.ActiveCfg = Release|Any CPU
		{25BD4CBD-9013-40B0-BCFC-1F5EDD30952C}.Release|x86.Build.0 = Release|Any CPU
	EndGlobalSection
	GlobalSection(SolutionProperties) = preSolution
		HideSolutionNode = FALSE
	EndGlobalSection
	GlobalSection(NestedProjects) = preSolution
		{15028A49-878B-4EFC-A4D7-061496FD6DC7} = {557492A6-23B2-4EEF-A743-E33886DBAA06}
		{7D9AD818-5AED-48F5-A860-F768F0C3D81F} = {557492A6-23B2-4EEF-A743-E33886DBAA06}
		{1F9E21DB-A308-48BD-9678-3D3131D6C917} = {557492A6-23B2-4EEF-A743-E33886DBAA06}
		{B758918E-F222-406A-8E0B-DF56E91CA95B} = {557492A6-23B2-4EEF-A743-E33886DBAA06}
		{CBDFFE89-3A7F-4DCD-9327-13EEA9E3D506} = {B7DF14C7-E397-49D7-85C8-11CFE5F49066}
		{E648EB5E-5789-4206-A93D-3C5669778534} = {B7DF14C7-E397-49D7-85C8-11CFE5F49066}
		{3A05F17C-F205-4DAD-8189-75F823FEF598} = {CBDFFE89-3A7F-4DCD-9327-13EEA9E3D506}
		{B1D0DE20-F1FC-4125-A9A5-09E2F5CE40D3} = {CBDFFE89-3A7F-4DCD-9327-13EEA9E3D506}
		{0A5A4EF6-D969-45B3-B798-AC9E6FA637E0} = {CBDFFE89-3A7F-4DCD-9327-13EEA9E3D506}
		{03ABECCC-9F81-44A4-90AF-D80C0C281E48} = {CBDFFE89-3A7F-4DCD-9327-13EEA9E3D506}
		{25BD4CBD-9013-40B0-BCFC-1F5EDD30952C} = {E648EB5E-5789-4206-A93D-3C5669778534}
	EndGlobalSection
EndGlobal
